
Microsoft Visual Studio Solution File, Format Version 12.00
# Visual Studio Version 17
VisualStudioVersion = 17.0.31717.71
MinimumVisualStudioVersion = 10.0.40219.1
Project("{4CE6F71A-7CD2-460A-8B5E-9B0CFB618B7A}") = "Mari.Server", "Mari.Server\Mari.Server.csproj", "{311B6E3A-C91E-45C4-833F-539FC246F5D0}"
EndProject
Project("{4CE6F71A-7CD2-460A-8B5E-9B0CFB618B7A}") = "Mari.Client", "Mari.Client\Mari.Client.csproj", "{751326CB-C8B9-4F4E-A544-591AAA17D1C8}"
EndProject
Project("{4CE6F71A-7CD2-460A-8B5E-9B0CFB618B7A}") = "Mari.Core", "Mari.Core\Mari.Core.csproj", "{46C56C67-49F3-4D37-8992-467C19E93E0F}"
EndProject
Project("{FAE04EC0-301F-11D3-BF4B-00C04F79EFBC}") = "Mari.Data", "Mari.Data\Mari.Data.csproj", "{93897D01-21F2-4638-8A5B-1E1B80AC61EE}"
EndProject
Global
	GlobalSection(SolutionConfigurationPlatforms) = preSolution
		Debug|Any CPU = Debug|Any CPU
		Release|Any CPU = Release|Any CPU
	EndGlobalSection
	GlobalSection(ProjectConfigurationPlatforms) = postSolution
		{311B6E3A-C91E-45C4-833F-539FC246F5D0}.Debug|Any CPU.ActiveCfg = Debug|Any CPU
		{311B6E3A-C91E-45C4-833F-539FC246F5D0}.Debug|Any CPU.Build.0 = Debug|Any CPU
		{311B6E3A-C91E-45C4-833F-539FC246F5D0}.Release|Any CPU.ActiveCfg = Release|Any CPU
		{311B6E3A-C91E-45C4-833F-539FC246F5D0}.Release|Any CPU.Build.0 = Release|Any CPU
		{751326CB-C8B9-4F4E-A544-591AAA17D1C8}.Debug|Any CPU.ActiveCfg = Debug|Any CPU
		{751326CB-C8B9-4F4E-A544-591AAA17D1C8}.Debug|Any CPU.Build.0 = Debug|Any CPU
		{751326CB-C8B9-4F4E-A544-591AAA17D1C8}.Release|Any CPU.ActiveCfg = Release|Any CPU
		{751326CB-C8B9-4F4E-A544-591AAA17D1C8}.Release|Any CPU.Build.0 = Release|Any CPU
		{46C56C67-49F3-4D37-8992-467C19E93E0F}.Debug|Any CPU.ActiveCfg = Debug|Any CPU
		{46C56C67-49F3-4D37-8992-467C19E93E0F}.Debug|Any CPU.Build.0 = Debug|Any CPU
		{46C56C67-49F3-4D37-8992-467C19E93E0F}.Release|Any CPU.ActiveCfg = Release|Any CPU
		{46C56C67-49F3-4D37-8992-467C19E93E0F}.Release|Any CPU.Build.0 = Release|Any CPU
		{93897D01-21F2-4638-8A5B-1E1B80AC61EE}.Debug|Any CPU.ActiveCfg = Debug|Any CPU
		{93897D01-21F2-4638-8A5B-1E1B80AC61EE}.Debug|Any CPU.Build.0 = Debug|Any CPU
		{93897D01-21F2-4638-8A5B-1E1B80AC61EE}.Release|Any CPU.ActiveCfg = Release|Any CPU
		{93897D01-21F2-4638-8A5B-1E1B80AC61EE}.Release|Any CPU.Build.0 = Release|Any CPU
	EndGlobalSection
	GlobalSection(SolutionProperties) = preSolution
		HideSolutionNode = FALSE
	EndGlobalSection
	GlobalSection(ExtensibilityGlobals) = postSolution
		SolutionGuid = {3B0D0670-ACF6-461D-8459-32C915B28745}
	EndGlobalSection
EndGlobal
